
Microsoft Visual Studio Solution File, Format Version 12.00
# Visual Studio Version 16
VisualStudioVersion = 16.0.30717.126
MinimumVisualStudioVersion = 10.0.40219.1
Project("{9A19103F-16F7-4668-BE54-9A1E7A4F7556}") = "DbFirst", "DbFirst\DbFirst.csproj", "{8CC442F7-1FA0-45D9-B734-554E9E758571}"
EndProject
Project("{9A19103F-16F7-4668-BE54-9A1E7A4F7556}") = "CodeFirst", "CodeFirst\CodeFirst.csproj", "{7B1D8914-15EB-4D2E-B051-2B1EF591ABC4}"
EndProject
Project("{9A19103F-16F7-4668-BE54-9A1E7A4F7556}") = "Helpers", "Helpers\Helpers.csproj", "{9DBC7500-E37F-4926-BCD2-1335D9F0CC14}"
EndProject
Project("{9A19103F-16F7-4668-BE54-9A1E7A4F7556}") = "Ticketing.Core", "Ticketing.Core\Ticketing.Core.csproj", "{BEEBC1F6-697D-4F76-A6F3-CAED343901F0}"
EndProject
Project("{9A19103F-16F7-4668-BE54-9A1E7A4F7556}") = "Ticketing.Core.EF", "Ticketing.Core.EF\Ticketing.Core.EF.csproj", "{FC1DF3A1-C8F6-44AB-BCF0-C6BE8D128DCE}"
EndProject
Project("{9A19103F-16F7-4668-BE54-9A1E7A4F7556}") = "Ticketing.Core.Mock", "Ticketing.Core.Mock\Ticketing.Core.Mock.csproj", "{6C31E430-9E3D-4F52-9643-DD80574CAF09}"
EndProject
Project("{9A19103F-16F7-4668-BE54-9A1E7A4F7556}") = "Ticketing.Client", "Ticketing.Client\Ticketing.Client.csproj", "{B4E32491-3A0A-4E06-A758-1B33B443F497}"
EndProject
Project("{9A19103F-16F7-4668-BE54-9A1E7A4F7556}") = "Ticketing.API", "Ticketing.API\Ticketing.API.csproj", "{9834289E-7886-4A38-A370-9182C060BD04}"
EndProject
Project("{2150E333-8FDC-42A3-9474-1A3956D46DE8}") = "Esercitazione", "Esercitazione", "{19EB1D1B-F4BD-427E-AC20-C773AD72622B}"
EndProject
Project("{FAE04EC0-301F-11D3-BF4B-00C04F79EFBC}") = "Work.Core", "Work.Core\Work.Core.csproj", "{8456B6F6-33AF-46B2-8488-784D4AFE4FDB}"
EndProject
Project("{FAE04EC0-301F-11D3-BF4B-00C04F79EFBC}") = "Work.Core.EF", "Work.Core.EF\Work.Core.EF.csproj", "{C3239BBD-D615-4154-84E2-BE76E164D782}"
EndProject
Project("{FAE04EC0-301F-11D3-BF4B-00C04F79EFBC}") = "Work.Helpers", "Work.Helpers\Work.Helpers.csproj", "{BC73BDCE-9267-4CB2-A263-938D61C73511}"
EndProject
Project("{FAE04EC0-301F-11D3-BF4B-00C04F79EFBC}") = "Work.API", "Work.API\Work.API.csproj", "{0523D76C-1060-4434-B537-F8A318BE9C86}"
EndProject
Global
	GlobalSection(SolutionConfigurationPlatforms) = preSolution
		Debug|Any CPU = Debug|Any CPU
		Release|Any CPU = Release|Any CPU
	EndGlobalSection
	GlobalSection(ProjectConfigurationPlatforms) = postSolution
		{8CC442F7-1FA0-45D9-B734-554E9E758571}.Debug|Any CPU.ActiveCfg = Debug|Any CPU
		{8CC442F7-1FA0-45D9-B734-554E9E758571}.Debug|Any CPU.Build.0 = Debug|Any CPU
		{8CC442F7-1FA0-45D9-B734-554E9E758571}.Release|Any CPU.ActiveCfg = Release|Any CPU
		{8CC442F7-1FA0-45D9-B734-554E9E758571}.Release|Any CPU.Build.0 = Release|Any CPU
		{7B1D8914-15EB-4D2E-B051-2B1EF591ABC4}.Debug|Any CPU.ActiveCfg = Debug|Any CPU
		{7B1D8914-15EB-4D2E-B051-2B1EF591ABC4}.Debug|Any CPU.Build.0 = Debug|Any CPU
		{7B1D8914-15EB-4D2E-B051-2B1EF591ABC4}.Release|Any CPU.ActiveCfg = Release|Any CPU
		{7B1D8914-15EB-4D2E-B051-2B1EF591ABC4}.Release|Any CPU.Build.0 = Release|Any CPU
		{9DBC7500-E37F-4926-BCD2-1335D9F0CC14}.Debug|Any CPU.ActiveCfg = Debug|Any CPU
		{9DBC7500-E37F-4926-BCD2-1335D9F0CC14}.Debug|Any CPU.Build.0 = Debug|Any CPU
		{9DBC7500-E37F-4926-BCD2-1335D9F0CC14}.Release|Any CPU.ActiveCfg = Release|Any CPU
		{9DBC7500-E37F-4926-BCD2-1335D9F0CC14}.Release|Any CPU.Build.0 = Release|Any CPU
		{BEEBC1F6-697D-4F76-A6F3-CAED343901F0}.Debug|Any CPU.ActiveCfg = Debug|Any CPU
		{BEEBC1F6-697D-4F76-A6F3-CAED343901F0}.Debug|Any CPU.Build.0 = Debug|Any CPU
		{BEEBC1F6-697D-4F76-A6F3-CAED343901F0}.Release|Any CPU.ActiveCfg = Release|Any CPU
		{BEEBC1F6-697D-4F76-A6F3-CAED343901F0}.Release|Any CPU.Build.0 = Release|Any CPU
		{FC1DF3A1-C8F6-44AB-BCF0-C6BE8D128DCE}.Debug|Any CPU.ActiveCfg = Debug|Any CPU
		{FC1DF3A1-C8F6-44AB-BCF0-C6BE8D128DCE}.Debug|Any CPU.Build.0 = Debug|Any CPU
		{FC1DF3A1-C8F6-44AB-BCF0-C6BE8D128DCE}.Release|Any CPU.ActiveCfg = Release|Any CPU
		{FC1DF3A1-C8F6-44AB-BCF0-C6BE8D128DCE}.Release|Any CPU.Build.0 = Release|Any CPU
		{6C31E430-9E3D-4F52-9643-DD80574CAF09}.Debug|Any CPU.ActiveCfg = Debug|Any CPU
		{6C31E430-9E3D-4F52-9643-DD80574CAF09}.Debug|Any CPU.Build.0 = Debug|Any CPU
		{6C31E430-9E3D-4F52-9643-DD80574CAF09}.Release|Any CPU.ActiveCfg = Release|Any CPU
		{6C31E430-9E3D-4F52-9643-DD80574CAF09}.Release|Any CPU.Build.0 = Release|Any CPU
		{B4E32491-3A0A-4E06-A758-1B33B443F497}.Debug|Any CPU.ActiveCfg = Debug|Any CPU
		{B4E32491-3A0A-4E06-A758-1B33B443F497}.Debug|Any CPU.Build.0 = Debug|Any CPU
		{B4E32491-3A0A-4E06-A758-1B33B443F497}.Release|Any CPU.ActiveCfg = Release|Any CPU
		{B4E32491-3A0A-4E06-A758-1B33B443F497}.Release|Any CPU.Build.0 = Release|Any CPU
		{9834289E-7886-4A38-A370-9182C060BD04}.Debug|Any CPU.ActiveCfg = Debug|Any CPU
		{9834289E-7886-4A38-A370-9182C060BD04}.Debug|Any CPU.Build.0 = Debug|Any CPU
		{9834289E-7886-4A38-A370-9182C060BD04}.Release|Any CPU.ActiveCfg = Release|Any CPU
		{9834289E-7886-4A38-A370-9182C060BD04}.Release|Any CPU.Build.0 = Release|Any CPU
		{8456B6F6-33AF-46B2-8488-784D4AFE4FDB}.Debug|Any CPU.ActiveCfg = Debug|Any CPU
		{8456B6F6-33AF-46B2-8488-784D4AFE4FDB}.Debug|Any CPU.Build.0 = Debug|Any CPU
		{8456B6F6-33AF-46B2-8488-784D4AFE4FDB}.Release|Any CPU.ActiveCfg = Release|Any CPU
		{8456B6F6-33AF-46B2-8488-784D4AFE4FDB}.Release|Any CPU.Build.0 = Release|Any CPU
		{C3239BBD-D615-4154-84E2-BE76E164D782}.Debug|Any CPU.ActiveCfg = Debug|Any CPU
		{C3239BBD-D615-4154-84E2-BE76E164D782}.Debug|Any CPU.Build.0 = Debug|Any CPU
		{C3239BBD-D615-4154-84E2-BE76E164D782}.Release|Any CPU.ActiveCfg = Release|Any CPU
		{C3239BBD-D615-4154-84E2-BE76E164D782}.Release|Any CPU.Build.0 = Release|Any CPU
		{BC73BDCE-9267-4CB2-A263-938D61C73511}.Debug|Any CPU.ActiveCfg = Debug|Any CPU
		{BC73BDCE-9267-4CB2-A263-938D61C73511}.Debug|Any CPU.Build.0 = Debug|Any CPU
		{BC73BDCE-9267-4CB2-A263-938D61C73511}.Release|Any CPU.ActiveCfg = Release|Any CPU
		{BC73BDCE-9267-4CB2-A263-938D61C73511}.Release|Any CPU.Build.0 = Release|Any CPU
		{0523D76C-1060-4434-B537-F8A318BE9C86}.Debug|Any CPU.ActiveCfg = Debug|Any CPU
		{0523D76C-1060-4434-B537-F8A318BE9C86}.Debug|Any CPU.Build.0 = Debug|Any CPU
		{0523D76C-1060-4434-B537-F8A318BE9C86}.Release|Any CPU.ActiveCfg = Release|Any CPU
		{0523D76C-1060-4434-B537-F8A318BE9C86}.Release|Any CPU.Build.0 = Release|Any CPU
	EndGlobalSection
	GlobalSection(SolutionProperties) = preSolution
		HideSolutionNode = FALSE
	EndGlobalSection
	GlobalSection(NestedProjects) = preSolution
		{8456B6F6-33AF-46B2-8488-784D4AFE4FDB} = {19EB1D1B-F4BD-427E-AC20-C773AD72622B}
		{C3239BBD-D615-4154-84E2-BE76E164D782} = {19EB1D1B-F4BD-427E-AC20-C773AD72622B}
		{BC73BDCE-9267-4CB2-A263-938D61C73511} = {19EB1D1B-F4BD-427E-AC20-C773AD72622B}
		{0523D76C-1060-4434-B537-F8A318BE9C86} = {19EB1D1B-F4BD-427E-AC20-C773AD72622B}
	EndGlobalSection
	GlobalSection(ExtensibilityGlobals) = postSolution
		SolutionGuid = {75ED9E0A-6F4D-489C-8B9D-517D98897733}
	EndGlobalSection
EndGlobal
